{
  "nodes": {
    "door-kit": {
      "flake": false,
      "locked": {
        "lastModified": 1783203048,
        "narHash": "sha256-7k7ADJGR5XPB17u9XRK+m3sRva4gRV1JJzLLQDN733M=",
        "owner": "bounded-systems",
        "repo": "door-kit",
        "rev": "4b72a33d4f03c7f5869c229adf8617802656a1b5",
        "type": "github"
      },
      "original": {
        "owner": "bounded-systems",
        "repo": "door-kit",
        "rev": "4b72a33d4f03c7f5869c229adf8617802656a1b5",
        "type": "github"
      }
    },
    "guest-room": {
      "flake": false,
      "locked": {
        "lastModified": 1782608591,
        "narHash": "sha256-l4GOk9odvs6I9ZWdpegqm6E0ABNKp5r3HVvEmvG9nNw=",
        "owner": "bounded-systems",
        "repo": "guest-room",
        "rev": "79662abe154039d1bf91f46cefa03a06204e87ef",
        "type": "github"
      },
      "original": {
        "owner": "bounded-systems",
        "repo": "guest-room",
        "rev": "79662abe154039d1bf91f46cefa03a06204e87ef",
        "type": "github"
      }
    },
    "keeper-wire": {
      "flake": false,
      "locked": {
        "lastModified": 1783262616,
        "narHash": "sha256-zCOFoaXE/j8KVNTF01o4j+DAOVj07+yH2vn0RszNr0w=",
        "owner": "bounded-systems",
        "repo": "keeper-wire",
        "rev": "81f39c3d57769d7b78b4bc34ded61ec422fcd816",
        "type": "github"
      },
      "original": {
        "owner": "bounded-systems",
        "repo": "keeper-wire",
        "type": "github"
      }
    },
    "nixpkgs": {
      "locked": {
        "lastModified": 1781359544,
        "narHash": "sha256-iUuzKQcyXvopYDDzFpMK5eQKP3WIJExYny2kJtbgUcE=",
        "owner": "NixOS",
        "repo": "nixpkgs",
        "rev": "9f11f828c213641c2369a9f1fa31fe31557e3156",
        "type": "github"
      },
      "original": {
        "owner": "NixOS",
        "repo": "nixpkgs",
        "rev": "9f11f828c213641c2369a9f1fa31fe31557e3156",
        "type": "github"
      }
    },
    "ocap-provenance": {
      "flake": false,
      "locked": {
        "lastModified": 1781624331,
        "narHash": "sha256-4rjHKU9rFhTqaaSoXF4hWA6ZzibiIcmvNyrZ/7eeP3o=",
        "owner": "bounded-systems",
        "repo": "ocap-provenance",
        "rev": "28c7a8530e05edc446abf62cd2e04ab73f4f626f",
        "type": "github"
      },
      "original": {
        "owner": "bounded-systems",
        "repo": "ocap-provenance",
        "rev": "28c7a8530e05edc446abf62cd2e04ab73f4f626f",
        "type": "github"
      }
    },
    "root": {
      "inputs": {
        "door-kit": "door-kit",
        "guest-room": "guest-room",
        "keeper-wire": "keeper-wire",
        "nixpkgs": "nixpkgs",
        "ocap-provenance": "ocap-provenance"
      }
    }
  },
  "root": "root",
  "version": 7
}
